{
  "name": "dci-screeps",
  "lockfileVersion": 2,
  "requires": true,
  "packages": {
    "": {
      "dependencies": {
        "colors": "^1.4.0",
        "grunt-contrib-clean": "^2.0.0",
        "grunt-contrib-copy": "^1.0.0",
        "grunt-screeps": "^1.5.0"
      }
    },
    "node_modules/abbrev": {
      "version": "1.1.1",
      "license": "ISC",
      "peer": true
    },
    "node_modules/ansi-regex": {
      "version": "2.1.1",
      "license": "MIT",
      "engines": {
        "node": ">=0.10.0"
      }
    },
    "node_modules/ansi-styles": {
      "version": "2.2.1",
      "license": "MIT",
      "engines": {
        "node": ">=0.10.0"
      }
    },
    "node_modules/argparse": {
      "version": "1.0.10",
      "license": "MIT",
      "peer": true,
      "dependencies": {
        "sprintf-js": "~1.0.2"
      }
    },
    "node_modules/array-find-index": {
      "version": "1.0.2",
      "license": "MIT",
      "peer": true,
      "engines": {
        "node": ">=0.10.0"
      }
    },
    "node_modules/async": {
      "version": "1.5.2",
      "license": "MIT",
      "peer": true
    },
    "node_modules/balanced-match": {
      "version": "1.0.0",
      "license": "MIT"
    },
    "node_modules/brace-expansion": {
      "version": "1.1.11",
      "license": "MIT",
      "dependencies": {
        "balanced-match": "^1.0.0",
        "concat-map": "0.0.1"
      }
    },
    "node_modules/camelcase": {
      "version": "2.1.1",
      "license": "MIT",
      "peer": true,
      "engines": {
        "node": ">=0.10.0"
      }
    },
    "node_modules/camelcase-keys": {
      "version": "2.1.0",
      "license": "MIT",
      "peer": true,
      "dependencies": {
        "camelcase": "^2.0.0",
        "map-obj": "^1.0.0"
      },
      "engines": {
        "node": ">=0.10.0"
      }
    },
    "node_modules/chalk": {
      "version": "1.1.3",
      "resolved": "https://registry.npmjs.org/chalk/-/chalk-1.1.3.tgz",
      "integrity": "sha1-qBFcVeSnAv5NFQq9OHKCKn4J/Jg=",
      "dependencies": {
        "ansi-styles": "^2.2.1",
        "escape-string-regexp": "^1.0.2",
        "has-ansi": "^2.0.0",
        "strip-ansi": "^3.0.0",
        "supports-color": "^2.0.0"
      },
      "engines": {
        "node": ">=0.10.0"
      }
    },
    "node_modules/coffee-script": {
      "version": "1.10.0",
      "license": "MIT",
      "peer": true,
      "bin": {
        "cake": "bin/cake",
        "coffee": "bin/coffee"
      },
      "engines": {
        "node": ">=0.8.0"
      }
    },
    "node_modules/colors": {
      "version": "1.4.0",
      "resolved": "https://registry.npmjs.org/colors/-/colors-1.4.0.tgz",
      "integrity": "sha512-a+UqTh4kgZg/SlGvfbzDHpgRu7AAQOmmqRHJnxhRZICKFUT91brVhNNt58CMWU9PsBbv3PDCZUHbVxuDiH2mtA==",
      "engines": {
        "node": ">=0.1.90"
      }
    },
    "node_modules/concat-map": {
      "version": "0.0.1",
      "license": "MIT"
    },
    "node_modules/currently-unhandled": {
      "version": "0.4.1",
      "license": "MIT",
      "peer": true,
      "dependencies": {
        "array-find-index": "^1.0.1"
      },
      "engines": {
        "node": ">=0.10.0"
      }
    },
    "node_modules/dateformat": {
      "version": "1.0.12",
      "license": "MIT",
      "peer": true,
      "dependencies": {
        "get-stdin": "^4.0.1",
        "meow": "^3.3.0"
      },
      "bin": {
        "dateformat": "bin/cli.js"
      },
      "engines": {
        "node": "*"
      }
    },
    "node_modules/decamelize": {
      "version": "1.2.0",
      "license": "MIT",
      "peer": true,
      "engines": {
        "node": ">=0.10.0"
      }
    },
    "node_modules/error-ex": {
      "version": "1.3.2",
      "license": "MIT",
      "peer": true,
      "dependencies": {
        "is-arrayish": "^0.2.1"
      }
    },
    "node_modules/escape-string-regexp": {
      "version": "1.0.5",
      "license": "MIT",
      "engines": {
        "node": ">=0.8.0"
      }
    },
    "node_modules/eventemitter2": {
      "version": "0.4.14",
      "license": "MIT",
      "peer": true
    },
    "node_modules/exit": {
      "version": "0.1.2",
      "peer": true,
      "engines": {
        "node": ">= 0.8.0"
      }
    },
    "node_modules/file-sync-cmp": {
      "version": "0.1.1",
      "resolved": "https://registry.npmjs.org/file-sync-cmp/-/file-sync-cmp-0.1.1.tgz",
      "integrity": "sha1-peeo/7+kk7Q7kju9TKiaU7Y7YSs="
    },
    "node_modules/find-up": {
      "version": "1.1.2",
      "license": "MIT",
      "peer": true,
      "dependencies": {
        "path-exists": "^2.0.0",
        "pinkie-promise": "^2.0.0"
      },
      "engines": {
        "node": ">=0.10.0"
      }
    },
    "node_modules/findup-sync": {
      "version": "0.3.0",
      "peer": true,
      "dependencies": {
        "glob": "~5.0.0"
      },
      "engines": {
        "node": ">= 0.6.0"
      }
    },
    "node_modules/findup-sync/node_modules/glob": {
      "version": "5.0.15",
      "license": "ISC",
      "peer": true,
      "dependencies": {
        "inflight": "^1.0.4",
        "inherits": "2",
        "minimatch": "2 || 3",
        "once": "^1.3.0",
        "path-is-absolute": "^1.0.0"
      },
      "engines": {
        "node": "*"
      }
    },
    "node_modules/fs.realpath": {
      "version": "1.0.0",
      "license": "ISC"
    },
    "node_modules/get-stdin": {
      "version": "4.0.1",
      "license": "MIT",
      "peer": true,
      "engines": {
        "node": ">=0.10.0"
      }
    },
    "node_modules/getobject": {
      "version": "0.1.0",
      "peer": true,
      "engines": {
        "node": ">= 0.8.0"
      }
    },
    "node_modules/glob": {
      "version": "7.2.0",
      "resolved": "https://registry.npmjs.org/glob/-/glob-7.2.0.tgz",
      "integrity": "sha512-lmLf6gtyrPq8tTjSmrO94wBeQbFR3HbLHbuyD69wuyQkImp2hWqMGB47OX65FBkPffO641IP9jWa1z4ivqG26Q==",
      "dependencies": {
        "fs.realpath": "^1.0.0",
        "inflight": "^1.0.4",
        "inherits": "2",
        "minimatch": "^3.0.4",
        "once": "^1.3.0",
        "path-is-absolute": "^1.0.0"
      },
      "engines": {
        "node": "*"
      },
      "funding": {
        "url": "https://github.com/sponsors/isaacs"
      }
    },
    "node_modules/graceful-fs": {
      "version": "4.2.4",
      "license": "ISC",
      "peer": true
    },
    "node_modules/grunt": {
      "version": "1.0.1",
      "license": "MIT",
      "peer": true,
      "dependencies": {
        "coffee-script": "~1.10.0",
        "dateformat": "~1.0.12",
        "eventemitter2": "~0.4.13",
        "exit": "~0.1.1",
        "findup-sync": "~0.3.0",
        "glob": "~7.0.0",
        "grunt-cli": "~1.2.0",
        "grunt-known-options": "~1.1.0",
        "grunt-legacy-log": "~1.0.0",
        "grunt-legacy-util": "~1.0.0",
        "iconv-lite": "~0.4.13",
        "js-yaml": "~3.5.2",
        "minimatch": "~3.0.0",
        "nopt": "~3.0.6",
        "path-is-absolute": "~1.0.0",
        "rimraf": "~2.2.8"
      },
      "bin": {
        "grunt": "bin/grunt"
      },
      "engines": {
        "node": ">=0.10.0"
      }
    },
    "node_modules/grunt-cli": {
      "version": "1.2.0",
      "license": "MIT",
      "peer": true,
      "dependencies": {
        "findup-sync": "~0.3.0",
        "grunt-known-options": "~1.1.0",
        "nopt": "~3.0.6",
        "resolve": "~1.1.0"
      },
      "bin": {
        "grunt": "bin/grunt"
      },
      "engines": {
        "node": ">=0.10.0"
      }
    },
    "node_modules/grunt-cli/node_modules/resolve": {
      "version": "1.1.7",
      "license": "MIT",
      "peer": true
    },
    "node_modules/grunt-contrib-clean": {
      "version": "2.0.0",
      "resolved": "https://registry.npmjs.org/grunt-contrib-clean/-/grunt-contrib-clean-2.0.0.tgz",
      "integrity": "sha512-g5ZD3ORk6gMa5ugZosLDQl3dZO7cI3R14U75hTM+dVLVxdMNJCPVmwf9OUt4v4eWgpKKWWoVK9DZc1amJp4nQw==",
      "dependencies": {
        "async": "^2.6.1",
        "rimraf": "^2.6.2"
      },
      "engines": {
        "node": ">=6"
      },
      "peerDependencies": {
        "grunt": ">=0.4.5"
      }
    },
    "node_modules/grunt-contrib-clean/node_modules/async": {
      "version": "2.6.3",
      "resolved": "https://registry.npmjs.org/async/-/async-2.6.3.tgz",
      "integrity": "sha512-zflvls11DCy+dQWzTW2dzuilv8Z5X/pjfmZOWba6TNIVDm+2UDaJmXSOXlasHKfNBs8oo3M0aT50fDEWfKZjXg==",
      "dependencies": {
        "lodash": "^4.17.14"
      }
    },
    "node_modules/grunt-contrib-copy": {
      "version": "1.0.0",
      "resolved": "https://registry.npmjs.org/grunt-contrib-copy/-/grunt-contrib-copy-1.0.0.tgz",
      "integrity": "sha1-cGDGWB6QS4qw0A8HbgqPbj58NXM=",
      "dependencies": {
        "chalk": "^1.1.1",
        "file-sync-cmp": "^0.1.0"
      },
      "engines": {
        "node": ">=0.10.0"
      }
    },
    "node_modules/grunt-known-options": {
      "version": "1.1.1",
      "license": "MIT",
      "peer": true,
      "engines": {
        "node": ">=0.10.0"
      }
    },
    "node_modules/grunt-legacy-log": {
      "version": "1.0.2",
      "license": "MIT",
      "peer": true,
      "dependencies": {
        "colors": "~1.1.2",
        "grunt-legacy-log-utils": "~1.0.0",
        "hooker": "~0.2.3",
        "lodash": "~4.17.5"
      },
      "engines": {
        "node": ">= 0.10.0"
      }
    },
    "node_modules/grunt-legacy-log-utils": {
      "version": "1.0.0",
      "license": "MIT",
      "peer": true,
      "dependencies": {
        "chalk": "~1.1.1",
        "lodash": "~4.3.0"
      },
      "engines": {
        "node": ">= 0.10.0"
      }
    },
    "node_modules/grunt-legacy-log-utils/node_modules/lodash": {
      "version": "4.3.0",
      "license": "MIT",
      "peer": true
    },
    "node_modules/grunt-legacy-log/node_modules/colors": {
      "peer": true
    },
    "node_modules/grunt-legacy-util": {
      "version": "1.0.0",
      "license": "MIT",
      "peer": true,
      "dependencies": {
        "async": "~1.5.2",
        "exit": "~0.1.1",
        "getobject": "~0.1.0",
        "hooker": "~0.2.3",
        "lodash": "~4.3.0",
        "underscore.string": "~3.2.3",
        "which": "~1.2.1"
      },
      "engines": {
        "node": ">= 0.10.0"
      }
    },
    "node_modules/grunt-legacy-util/node_modules/lodash": {
      "version": "4.3.0",
      "license": "MIT",
      "peer": true
    },
    "node_modules/grunt-legacy-util/node_modules/which": {
      "version": "1.2.14",
      "license": "ISC",
      "peer": true,
      "dependencies": {
        "isexe": "^2.0.0"
      },
      "bin": {
        "which": "bin/which"
      }
    },
    "node_modules/grunt-screeps": {
      "version": "1.5.0",
      "resolved": "https://registry.npmjs.org/grunt-screeps/-/grunt-screeps-1.5.0.tgz",
      "integrity": "sha512-ebyhY//utQYGSRmAh7hn+5rPHT8xJ5L6lma3vzCqc8OE3xTGkzKBjPZ8uXwchQzLZdQp/YMpkd4ELvsHKhEsmQ==",
      "engines": {
        "node": ">= 0.8.0"
      },
      "peerDependencies": {
        "grunt": ">=0.4.0"
      }
    },
    "node_modules/grunt/node_modules/esprima": {
      "version": "2.7.3",
      "license": "BSD-2-Clause",
      "peer": true,
      "bin": {
        "esparse": "bin/esparse.js",
        "esvalidate": "bin/esvalidate.js"
      },
      "engines": {
        "node": ">=0.10.0"
      }
    },
    "node_modules/grunt/node_modules/glob": {
      "version": "7.0.6",
      "license": "ISC",
      "peer": true,
      "dependencies": {
        "fs.realpath": "^1.0.0",
        "inflight": "^1.0.4",
        "inherits": "2",
        "minimatch": "^3.0.2",
        "once": "^1.3.0",
        "path-is-absolute": "^1.0.0"
      },
      "engines": {
        "node": "*"
      }
    },
    "node_modules/grunt/node_modules/js-yaml": {
      "version": "3.5.5",
      "license": "MIT",
      "peer": true,
      "dependencies": {
        "argparse": "^1.0.2",
        "esprima": "^2.6.0"
      },
      "bin": {
        "js-yaml": "bin/js-yaml.js"
      }
    },
    "node_modules/grunt/node_modules/rimraf": {
      "version": "2.2.8",
      "license": "MIT",
      "peer": true,
      "bin": {
        "rimraf": "bin.js"
      }
    },
    "node_modules/has-ansi": {
      "version": "2.0.0",
      "license": "MIT",
      "dependencies": {
        "ansi-regex": "^2.0.0"
      },
      "engines": {
        "node": ">=0.10.0"
      }
    },
    "node_modules/hooker": {
      "version": "0.2.3",
      "peer": true,
      "engines": {
        "node": "*"
      }
    },
    "node_modules/hosted-git-info": {
      "version": "2.8.8",
      "license": "ISC",
      "peer": true
    },
    "node_modules/iconv-lite": {
      "version": "0.4.24",
      "license": "MIT",
      "peer": true,
      "dependencies": {
        "safer-buffer": ">= 2.1.2 < 3"
      },
      "engines": {
        "node": ">=0.10.0"
      }
    },
    "node_modules/indent-string": {
      "version": "2.1.0",
      "license": "MIT",
      "peer": true,
      "dependencies": {
        "repeating": "^2.0.0"
      },
      "engines": {
        "node": ">=0.10.0"
      }
    },
    "node_modules/inflight": {
      "version": "1.0.6",
      "license": "ISC",
      "dependencies": {
        "once": "^1.3.0",
        "wrappy": "1"
      }
    },
    "node_modules/inherits": {
      "version": "2.0.4",
      "license": "ISC"
    },
    "node_modules/is-arrayish": {
      "version": "0.2.1",
      "license": "MIT",
      "peer": true
    },
    "node_modules/is-finite": {
      "version": "1.1.0",
      "license": "MIT",
      "peer": true,
      "engines": {
        "node": ">=0.10.0"
      },
      "funding": {
        "url": "https://github.com/sponsors/sindresorhus"
      }
    },
    "node_modules/is-utf8": {
      "version": "0.2.1",
      "license": "MIT",
      "peer": true
    },
    "node_modules/isexe": {
      "version": "2.0.0",
      "license": "ISC",
      "peer": true
    },
    "node_modules/load-json-file": {
      "version": "1.1.0",
      "license": "MIT",
      "peer": true,
      "dependencies": {
        "graceful-fs": "^4.1.2",
        "parse-json": "^2.2.0",
        "pify": "^2.0.0",
        "pinkie-promise": "^2.0.0",
        "strip-bom": "^2.0.0"
      },
      "engines": {
        "node": ">=0.10.0"
      }
    },
    "node_modules/lodash": {
      "version": "4.17.21",
      "resolved": "https://registry.npmjs.org/lodash/-/lodash-4.17.21.tgz",
      "integrity": "sha512-v2kDEe57lecTulaDIuNTPy3Ry4gLGJ6Z1O3vE1krgXZNrsQ+LFTGHVxVjcXPs17LhbZVGedAJv8XZ1tvj5FvSg=="
    },
    "node_modules/loud-rejection": {
      "version": "1.6.0",
      "license": "MIT",
      "peer": true,
      "dependencies": {
        "currently-unhandled": "^0.4.1",
        "signal-exit": "^3.0.0"
      },
      "engines": {
        "node": ">=0.10.0"
      }
    },
    "node_modules/map-obj": {
      "version": "1.0.1",
      "license": "MIT",
      "peer": true,
      "engines": {
        "node": ">=0.10.0"
      }
    },
    "node_modules/meow": {
      "version": "3.7.0",
      "license": "MIT",
      "peer": true,
      "dependencies": {
        "camelcase-keys": "^2.0.0",
        "decamelize": "^1.1.2",
        "loud-rejection": "^1.0.0",
        "map-obj": "^1.0.1",
        "minimist": "^1.1.3",
        "normalize-package-data": "^2.3.4",
        "object-assign": "^4.0.1",
        "read-pkg-up": "^1.0.1",
        "redent": "^1.0.0",
        "trim-newlines": "^1.0.0"
      },
      "engines": {
        "node": ">=0.10.0"
      }
    },
    "node_modules/minimatch": {
      "version": "3.0.4",
      "license": "ISC",
      "dependencies": {
        "brace-expansion": "^1.1.7"
      },
      "engines": {
        "node": "*"
      }
    },
    "node_modules/minimist": {
      "version": "1.2.5",
      "license": "MIT",
      "peer": true
    },
    "node_modules/nopt": {
      "version": "3.0.6",
      "license": "ISC",
      "peer": true,
      "dependencies": {
        "abbrev": "1"
      },
      "bin": {
        "nopt": "bin/nopt.js"
      }
    },
    "node_modules/normalize-package-data": {
      "version": "2.5.0",
      "license": "BSD-2-Clause",
      "peer": true,
      "dependencies": {
        "hosted-git-info": "^2.1.4",
        "resolve": "^1.10.0",
        "semver": "2 || 3 || 4 || 5",
        "validate-npm-package-license": "^3.0.1"
      }
    },
    "node_modules/object-assign": {
      "version": "4.1.1",
      "license": "MIT",
      "peer": true,
      "engines": {
        "node": ">=0.10.0"
      }
    },
    "node_modules/once": {
      "version": "1.4.0",
      "license": "ISC",
      "dependencies": {
        "wrappy": "1"
      }
    },
    "node_modules/parse-json": {
      "version": "2.2.0",
      "license": "MIT",
      "peer": true,
      "dependencies": {
        "error-ex": "^1.2.0"
      },
      "engines": {
        "node": ">=0.10.0"
      }
    },
    "node_modules/path-exists": {
      "version": "2.1.0",
      "license": "MIT",
      "peer": true,
      "dependencies": {
        "pinkie-promise": "^2.0.0"
      },
      "engines": {
        "node": ">=0.10.0"
      }
    },
    "node_modules/path-is-absolute": {
      "version": "1.0.1",
      "license": "MIT",
      "engines": {
        "node": ">=0.10.0"
      }
    },
    "node_modules/path-parse": {
      "version": "1.0.6",
      "license": "MIT",
      "peer": true
    },
    "node_modules/path-type": {
      "version": "1.1.0",
      "license": "MIT",
      "peer": true,
      "dependencies": {
        "graceful-fs": "^4.1.2",
        "pify": "^2.0.0",
        "pinkie-promise": "^2.0.0"
      },
      "engines": {
        "node": ">=0.10.0"
      }
    },
    "node_modules/pify": {
      "version": "2.3.0",
      "license": "MIT",
      "peer": true,
      "engines": {
        "node": ">=0.10.0"
      }
    },
    "node_modules/pinkie": {
      "version": "2.0.4",
      "license": "MIT",
      "peer": true,
      "engines": {
        "node": ">=0.10.0"
      }
    },
    "node_modules/pinkie-promise": {
      "version": "2.0.1",
      "license": "MIT",
      "peer": true,
      "dependencies": {
        "pinkie": "^2.0.0"
      },
      "engines": {
        "node": ">=0.10.0"
      }
    },
    "node_modules/read-pkg": {
      "version": "1.1.0",
      "license": "MIT",
      "peer": true,
      "dependencies": {
        "load-json-file": "^1.0.0",
        "normalize-package-data": "^2.3.2",
        "path-type": "^1.0.0"
      },
      "engines": {
        "node": ">=0.10.0"
      }
    },
    "node_modules/read-pkg-up": {
      "version": "1.0.1",
      "license": "MIT",
      "peer": true,
      "dependencies": {
        "find-up": "^1.0.0",
        "read-pkg": "^1.0.0"
      },
      "engines": {
        "node": ">=0.10.0"
      }
    },
    "node_modules/redent": {
      "version": "1.0.0",
      "license": "MIT",
      "peer": true,
      "dependencies": {
        "indent-string": "^2.1.0",
        "strip-indent": "^1.0.1"
      },
      "engines": {
        "node": ">=0.10.0"
      }
    },
    "node_modules/repeating": {
      "version": "2.0.1",
      "license": "MIT",
      "peer": true,
      "dependencies": {
        "is-finite": "^1.0.0"
      },
      "engines": {
        "node": ">=0.10.0"
      }
    },
    "node_modules/resolve": {
      "version": "1.17.0",
      "license": "MIT",
      "peer": true,
      "dependencies": {
        "path-parse": "^1.0.6"
      },
      "funding": {
        "url": "https://github.com/sponsors/ljharb"
      }
    },
    "node_modules/rimraf": {
      "version": "2.7.1",
      "resolved": "https://registry.npmjs.org/rimraf/-/rimraf-2.7.1.tgz",
      "integrity": "sha512-uWjbaKIK3T1OSVptzX7Nl6PvQ3qAGtKEtVRjRuazjfL3Bx5eI409VZSqgND+4UNnmzLVdPj9FqFJNPqBZFve4w==",
      "dependencies": {
        "glob": "^7.1.3"
      },
      "bin": {
        "rimraf": "bin.js"
      }
    },
    "node_modules/safer-buffer": {
      "version": "2.1.2",
      "license": "MIT",
      "peer": true
    },
    "node_modules/semver": {
      "version": "5.7.1",
      "license": "ISC",
      "peer": true,
      "bin": {
        "semver": "bin/semver"
      }
    },
    "node_modules/signal-exit": {
      "version": "3.0.3",
      "license": "ISC",
      "peer": true
    },
    "node_modules/spdx-correct": {
      "version": "3.1.1",
      "license": "Apache-2.0",
      "peer": true,
      "dependencies": {
        "spdx-expression-parse": "^3.0.0",
        "spdx-license-ids": "^3.0.0"
      }
    },
    "node_modules/spdx-exceptions": {
      "version": "2.3.0",
      "license": "CC-BY-3.0",
      "peer": true
    },
    "node_modules/spdx-expression-parse": {
      "version": "3.0.1",
      "license": "MIT",
      "peer": true,
      "dependencies": {
        "spdx-exceptions": "^2.1.0",
        "spdx-license-ids": "^3.0.0"
      }
    },
    "node_modules/spdx-license-ids": {
      "version": "3.0.5",
      "license": "CC0-1.0",
      "peer": true
    },
    "node_modules/sprintf-js": {
      "version": "1.0.3",
      "license": "BSD-3-Clause",
      "peer": true
    },
    "node_modules/strip-ansi": {
      "version": "3.0.1",
      "resolved": "https://registry.npmjs.org/strip-ansi/-/strip-ansi-3.0.1.tgz",
      "integrity": "sha1-ajhfuIU9lS1f8F0Oiq+UJ43GPc8=",
      "dependencies": {
        "ansi-regex": "^2.0.0"
      },
      "engines": {
        "node": ">=0.10.0"
      }
    },
    "node_modules/strip-bom": {
      "version": "2.0.0",
      "license": "MIT",
      "peer": true,
      "dependencies": {
        "is-utf8": "^0.2.0"
      },
      "engines": {
        "node": ">=0.10.0"
      }
    },
    "node_modules/strip-indent": {
      "version": "1.0.1",
      "license": "MIT",
      "peer": true,
      "dependencies": {
        "get-stdin": "^4.0.1"
      },
      "bin": {
        "strip-indent": "cli.js"
      },
      "engines": {
        "node": ">=0.10.0"
      }
    },
    "node_modules/supports-color": {
      "version": "2.0.0",
      "license": "MIT",
      "engines": {
        "node": ">=0.8.0"
      }
    },
    "node_modules/trim-newlines": {
      "version": "1.0.0",
      "license": "MIT",
      "peer": true,
      "engines": {
        "node": ">=0.10.0"
      }
    },
    "node_modules/underscore.string": {
      "version": "3.2.3",
      "license": "MIT",
      "peer": true,
      "engines": {
        "node": "*"
      }
    },
    "node_modules/validate-npm-package-license": {
      "version": "3.0.4",
      "license": "Apache-2.0",
      "peer": true,
      "dependencies": {
        "spdx-correct": "^3.0.0",
        "spdx-expression-parse": "^3.0.0"
      }
    },
    "node_modules/wrappy": {
      "version": "1.0.2",
      "license": "ISC"
    }
  },
  "dependencies": {
    "abbrev": {
      "version": "1.1.1",
      "peer": true
    },
    "ansi-regex": {
      "version": "2.1.1"
    },
    "ansi-styles": {
      "version": "2.2.1"
    },
    "argparse": {
      "version": "1.0.10",
      "peer": true,
      "requires": {
        "sprintf-js": "~1.0.2"
      }
    },
    "array-find-index": {
      "version": "1.0.2",
      "peer": true
    },
    "async": {
      "version": "1.5.2",
      "peer": true
    },
    "balanced-match": {
      "version": "1.0.0"
    },
    "brace-expansion": {
      "version": "1.1.11",
      "requires": {
        "balanced-match": "^1.0.0",
        "concat-map": "0.0.1"
      }
    },
    "camelcase": {
      "version": "2.1.1",
      "peer": true
    },
    "camelcase-keys": {
      "version": "2.1.0",
      "peer": true,
      "requires": {
        "camelcase": "^2.0.0",
        "map-obj": "^1.0.0"
      }
    },
    "chalk": {
      "version": "1.1.3",
      "resolved": "https://registry.npmjs.org/chalk/-/chalk-1.1.3.tgz",
      "integrity": "sha1-qBFcVeSnAv5NFQq9OHKCKn4J/Jg=",
      "requires": {
        "ansi-styles": "^2.2.1",
        "escape-string-regexp": "^1.0.2",
        "has-ansi": "^2.0.0",
        "strip-ansi": "^3.0.0",
        "supports-color": "^2.0.0"
      }
    },
    "coffee-script": {
      "version": "1.10.0",
      "peer": true
    },
    "colors": {
      "version": "1.4.0",
      "resolved": "https://registry.npmjs.org/colors/-/colors-1.4.0.tgz",
      "integrity": "sha512-a+UqTh4kgZg/SlGvfbzDHpgRu7AAQOmmqRHJnxhRZICKFUT91brVhNNt58CMWU9PsBbv3PDCZUHbVxuDiH2mtA=="
    },
    "concat-map": {
      "version": "0.0.1"
    },
    "currently-unhandled": {
      "version": "0.4.1",
      "peer": true,
      "requires": {
        "array-find-index": "^1.0.1"
      }
    },
    "dateformat": {
      "version": "1.0.12",
      "peer": true,
      "requires": {
        "get-stdin": "^4.0.1",
        "meow": "^3.3.0"
      }
    },
    "decamelize": {
      "version": "1.2.0",
      "peer": true
    },
    "error-ex": {
      "version": "1.3.2",
      "peer": true,
      "requires": {
        "is-arrayish": "^0.2.1"
      }
    },
    "escape-string-regexp": {
      "version": "1.0.5"
    },
    "eventemitter2": {
      "version": "0.4.14",
      "peer": true
    },
    "exit": {
      "version": "0.1.2",
      "peer": true
    },
    "file-sync-cmp": {
      "version": "0.1.1",
      "resolved": "https://registry.npmjs.org/file-sync-cmp/-/file-sync-cmp-0.1.1.tgz",
      "integrity": "sha1-peeo/7+kk7Q7kju9TKiaU7Y7YSs="
    },
    "find-up": {
      "version": "1.1.2",
      "peer": true,
      "requires": {
        "path-exists": "^2.0.0",
        "pinkie-promise": "^2.0.0"
      }
    },
    "findup-sync": {
      "version": "0.3.0",
      "peer": true,
      "requires": {
        "glob": "~5.0.0"
      },
      "dependencies": {
        "glob": {
          "version": "5.0.15",
          "peer": true,
          "requires": {
            "inflight": "^1.0.4",
            "inherits": "2",
            "minimatch": "2 || 3",
            "once": "^1.3.0",
            "path-is-absolute": "^1.0.0"
          }
        }
      }
    },
    "fs.realpath": {
      "version": "1.0.0"
    },
    "get-stdin": {
      "version": "4.0.1",
      "peer": true
    },
    "getobject": {
      "version": "0.1.0",
      "peer": true
    },
    "glob": {
      "version": "7.2.0",
      "resolved": "https://registry.npmjs.org/glob/-/glob-7.2.0.tgz",
      "integrity": "sha512-lmLf6gtyrPq8tTjSmrO94wBeQbFR3HbLHbuyD69wuyQkImp2hWqMGB47OX65FBkPffO641IP9jWa1z4ivqG26Q==",
      "requires": {
        "fs.realpath": "^1.0.0",
        "inflight": "^1.0.4",
        "inherits": "2",
        "minimatch": "^3.0.4",
        "once": "^1.3.0",
        "path-is-absolute": "^1.0.0"
      }
    },
    "graceful-fs": {
      "version": "4.2.4",
      "peer": true
    },
    "grunt": {
      "version": "1.0.1",
      "peer": true,
      "requires": {
        "coffee-script": "~1.10.0",
        "dateformat": "~1.0.12",
        "eventemitter2": "~0.4.13",
        "exit": "~0.1.1",
        "findup-sync": "~0.3.0",
        "glob": "~7.0.0",
        "grunt-cli": "~1.2.0",
        "grunt-known-options": "~1.1.0",
        "grunt-legacy-log": "~1.0.0",
        "grunt-legacy-util": "~1.0.0",
        "iconv-lite": "~0.4.13",
        "js-yaml": "~3.5.2",
        "minimatch": "~3.0.0",
        "nopt": "~3.0.6",
        "path-is-absolute": "~1.0.0",
        "rimraf": "~2.2.8"
      },
      "dependencies": {
        "esprima": {
          "version": "2.7.3",
          "peer": true
        },
        "glob": {
          "version": "7.0.6",
          "peer": true,
          "requires": {
            "fs.realpath": "^1.0.0",
            "inflight": "^1.0.4",
            "inherits": "2",
            "minimatch": "^3.0.2",
            "once": "^1.3.0",
            "path-is-absolute": "^1.0.0"
          }
        },
        "js-yaml": {
          "version": "3.5.5",
          "peer": true,
          "requires": {
            "argparse": "^1.0.2",
            "esprima": "^2.6.0"
          }
        },
        "rimraf": {
          "version": "2.2.8",
          "peer": true
        }
      }
    },
    "grunt-cli": {
      "version": "1.2.0",
      "peer": true,
      "requires": {
        "findup-sync": "~0.3.0",
        "grunt-known-options": "~1.1.0",
        "nopt": "~3.0.6",
        "resolve": "~1.1.0"
      },
      "dependencies": {
        "resolve": {
          "version": "1.1.7",
          "peer": true
        }
      }
    },
    "grunt-contrib-clean": {
      "version": "2.0.0",
      "resolved": "https://registry.npmjs.org/grunt-contrib-clean/-/grunt-contrib-clean-2.0.0.tgz",
      "integrity": "sha512-g5ZD3ORk6gMa5ugZosLDQl3dZO7cI3R14U75hTM+dVLVxdMNJCPVmwf9OUt4v4eWgpKKWWoVK9DZc1amJp4nQw==",
      "requires": {
        "async": "^2.6.1",
        "rimraf": "^2.6.2"
      },
      "dependencies": {
        "async": {
          "version": "2.6.3",
          "resolved": "https://registry.npmjs.org/async/-/async-2.6.3.tgz",
          "integrity": "sha512-zflvls11DCy+dQWzTW2dzuilv8Z5X/pjfmZOWba6TNIVDm+2UDaJmXSOXlasHKfNBs8oo3M0aT50fDEWfKZjXg==",
          "requires": {
            "lodash": "^4.17.14"
          }
        }
      }
    },
    "grunt-contrib-copy": {
      "version": "1.0.0",
      "resolved": "https://registry.npmjs.org/grunt-contrib-copy/-/grunt-contrib-copy-1.0.0.tgz",
      "integrity": "sha1-cGDGWB6QS4qw0A8HbgqPbj58NXM=",
      "requires": {
        "chalk": "^1.1.1",
        "file-sync-cmp": "^0.1.0"
      }
    },
    "grunt-known-options": {
      "version": "1.1.1",
      "peer": true
    },
    "grunt-legacy-log": {
      "version": "1.0.2",
      "peer": true,
      "requires": {
        "colors": "~1.1.2",
        "grunt-legacy-log-utils": "~1.0.0",
        "hooker": "~0.2.3",
        "lodash": "~4.17.5"
      },
      "dependencies": {
        "colors": {
          "peer": true
        }
      }
    },
    "grunt-legacy-log-utils": {
      "version": "1.0.0",
      "peer": true,
      "requires": {
        "chalk": "~1.1.1",
        "lodash": "~4.3.0"
      },
      "dependencies": {
        "lodash": {
          "version": "4.3.0",
          "peer": true
        }
      }
    },
    "grunt-legacy-util": {
      "version": "1.0.0",
      "peer": true,
      "requires": {
        "async": "~1.5.2",
        "exit": "~0.1.1",
        "getobject": "~0.1.0",
        "hooker": "~0.2.3",
        "lodash": "~4.3.0",
        "underscore.string": "~3.2.3",
        "which": "~1.2.1"
      },
      "dependencies": {
        "lodash": {
          "version": "4.3.0",
          "peer": true
        },
        "which": {
          "version": "1.2.14",
          "peer": true,
          "requires": {
            "isexe": "^2.0.0"
          }
        }
      }
    },
    "grunt-screeps": {
      "version": "1.5.0",
      "resolved": "https://registry.npmjs.org/grunt-screeps/-/grunt-screeps-1.5.0.tgz",
      "integrity": "sha512-ebyhY//utQYGSRmAh7hn+5rPHT8xJ5L6lma3vzCqc8OE3xTGkzKBjPZ8uXwchQzLZdQp/YMpkd4ELvsHKhEsmQ==",
      "requires": {}
    },
    "has-ansi": {
      "version": "2.0.0",
      "requires": {
        "ansi-regex": "^2.0.0"
      }
    },
    "hooker": {
      "version": "0.2.3",
      "peer": true
    },
    "hosted-git-info": {
      "version": "2.8.8",
      "peer": true
    },
    "iconv-lite": {
      "version": "0.4.24",
      "peer": true,
      "requires": {
        "safer-buffer": ">= 2.1.2 < 3"
      }
    },
    "indent-string": {
      "version": "2.1.0",
      "peer": true,
      "requires": {
        "repeating": "^2.0.0"
      }
    },
    "inflight": {
      "version": "1.0.6",
      "requires": {
        "once": "^1.3.0",
        "wrappy": "1"
      }
    },
    "inherits": {
      "version": "2.0.4"
    },
    "is-arrayish": {
      "version": "0.2.1",
      "peer": true
    },
    "is-finite": {
      "version": "1.1.0",
      "peer": true
    },
    "is-utf8": {
      "version": "0.2.1",
      "peer": true
    },
    "isexe": {
      "version": "2.0.0",
      "peer": true
    },
    "load-json-file": {
      "version": "1.1.0",
      "peer": true,
      "requires": {
        "graceful-fs": "^4.1.2",
        "parse-json": "^2.2.0",
        "pify": "^2.0.0",
        "pinkie-promise": "^2.0.0",
        "strip-bom": "^2.0.0"
      }
    },
    "lodash": {
      "version": "4.17.21",
      "resolved": "https://registry.npmjs.org/lodash/-/lodash-4.17.21.tgz",
      "integrity": "sha512-v2kDEe57lecTulaDIuNTPy3Ry4gLGJ6Z1O3vE1krgXZNrsQ+LFTGHVxVjcXPs17LhbZVGedAJv8XZ1tvj5FvSg=="
    },
    "loud-rejection": {
      "version": "1.6.0",
      "peer": true,
      "requires": {
        "currently-unhandled": "^0.4.1",
        "signal-exit": "^3.0.0"
      }
    },
    "map-obj": {
      "version": "1.0.1",
      "peer": true
    },
    "meow": {
      "version": "3.7.0",
      "peer": true,
      "requires": {
        "camelcase-keys": "^2.0.0",
        "decamelize": "^1.1.2",
        "loud-rejection": "^1.0.0",
        "map-obj": "^1.0.1",
        "minimist": "^1.1.3",
        "normalize-package-data": "^2.3.4",
        "object-assign": "^4.0.1",
        "read-pkg-up": "^1.0.1",
        "redent": "^1.0.0",
        "trim-newlines": "^1.0.0"
      }
    },
    "minimatch": {
      "version": "3.0.4",
      "requires": {
        "brace-expansion": "^1.1.7"
      }
    },
    "minimist": {
      "version": "1.2.5",
      "peer": true
    },
    "nopt": {
      "version": "3.0.6",
      "peer": true,
      "requires": {
        "abbrev": "1"
      }
    },
    "normalize-package-data": {
      "version": "2.5.0",
      "peer": true,
      "requires": {
        "hosted-git-info": "^2.1.4",
        "resolve": "^1.10.0",
        "semver": "2 || 3 || 4 || 5",
        "validate-npm-package-license": "^3.0.1"
      }
    },
    "object-assign": {
      "version": "4.1.1",
      "peer": true
    },
    "once": {
      "version": "1.4.0",
      "requires": {
        "wrappy": "1"
      }
    },
    "parse-json": {
      "version": "2.2.0",
      "peer": true,
      "requires": {
        "error-ex": "^1.2.0"
      }
    },
    "path-exists": {
      "version": "2.1.0",
      "peer": true,
      "requires": {
        "pinkie-promise": "^2.0.0"
      }
    },
    "path-is-absolute": {
      "version": "1.0.1"
    },
    "path-parse": {
      "version": "1.0.6",
      "peer": true
    },
    "path-type": {
      "version": "1.1.0",
      "peer": true,
      "requires": {
        "graceful-fs": "^4.1.2",
        "pify": "^2.0.0",
        "pinkie-promise": "^2.0.0"
      }
    },
    "pify": {
      "version": "2.3.0",
      "peer": true
    },
    "pinkie": {
      "version": "2.0.4",
      "peer": true
    },
    "pinkie-promise": {
      "version": "2.0.1",
      "peer": true,
      "requires": {
        "pinkie": "^2.0.0"
      }
    },
    "read-pkg": {
      "version": "1.1.0",
      "peer": true,
      "requires": {
        "load-json-file": "^1.0.0",
        "normalize-package-data": "^2.3.2",
        "path-type": "^1.0.0"
      }
    },
    "read-pkg-up": {
      "version": "1.0.1",
      "peer": true,
      "requires": {
        "find-up": "^1.0.0",
        "read-pkg": "^1.0.0"
      }
    },
    "redent": {
      "version": "1.0.0",
      "peer": true,
      "requires": {
        "indent-string": "^2.1.0",
        "strip-indent": "^1.0.1"
      }
    },
    "repeating": {
      "version": "2.0.1",
      "peer": true,
      "requires": {
        "is-finite": "^1.0.0"
      }
    },
    "resolve": {
      "version": "1.17.0",
      "peer": true,
      "requires": {
        "path-parse": "^1.0.6"
      }
    },
    "rimraf": {
      "version": "2.7.1",
      "resolved": "https://registry.npmjs.org/rimraf/-/rimraf-2.7.1.tgz",
      "integrity": "sha512-uWjbaKIK3T1OSVptzX7Nl6PvQ3qAGtKEtVRjRuazjfL3Bx5eI409VZSqgND+4UNnmzLVdPj9FqFJNPqBZFve4w==",
      "requires": {
        "glob": "^7.1.3"
      }
    },
    "safer-buffer": {
      "version": "2.1.2",
      "peer": true
    },
    "semver": {
      "version": "5.7.1",
      "peer": true
    },
    "signal-exit": {
      "version": "3.0.3",
      "peer": true
    },
    "spdx-correct": {
      "version": "3.1.1",
      "peer": true,
      "requires": {
        "spdx-expression-parse": "^3.0.0",
        "spdx-license-ids": "^3.0.0"
      }
    },
    "spdx-exceptions": {
      "version": "2.3.0",
      "peer": true
    },
    "spdx-expression-parse": {
      "version": "3.0.1",
      "peer": true,
      "requires": {
        "spdx-exceptions": "^2.1.0",
        "spdx-license-ids": "^3.0.0"
      }
    },
    "spdx-license-ids": {
      "version": "3.0.5",
      "peer": true
    },
    "sprintf-js": {
      "version": "1.0.3",
      "peer": true
    },
    "strip-ansi": {
      "version": "3.0.1",
      "resolved": "https://registry.npmjs.org/strip-ansi/-/strip-ansi-3.0.1.tgz",
      "integrity": "sha1-ajhfuIU9lS1f8F0Oiq+UJ43GPc8=",
      "requires": {
        "ansi-regex": "^2.0.0"
      }
    },
    "strip-bom": {
      "version": "2.0.0",
      "peer": true,
      "requires": {
        "is-utf8": "^0.2.0"
      }
    },
    "strip-indent": {
      "version": "1.0.1",
      "peer": true,
      "requires": {
        "get-stdin": "^4.0.1"
      }
    },
    "supports-color": {
      "version": "2.0.0"
    },
    "trim-newlines": {
      "version": "1.0.0",
      "peer": true
    },
    "underscore.string": {
      "version": "3.2.3",
      "peer": true
    },
    "validate-npm-package-license": {
      "version": "3.0.4",
      "peer": true,
      "requires": {
        "spdx-correct": "^3.0.0",
        "spdx-expression-parse": "^3.0.0"
      }
    },
    "wrappy": {
      "version": "1.0.2"
    }
  }
}
